
Microsoft Visual Studio Solution File, Format Version 12.00
# Visual Studio Version 17
VisualStudioVersion = 17.3.32825.248
MinimumVisualStudioVersion = 10.0.40219.1
Project("{FAE04EC0-301F-11D3-BF4B-00C04F79EFBC}") = "Task17.SubTask17.6.5", "Task17.SubTask17.6.5\Task17.SubTask17.6.5.csproj", "{B2A4EC7A-BEBF-400A-907B-D7FA54539A2C}"
EndProject
Global
	GlobalSection(SolutionConfigurationPlatforms) = preSolution
		Debug|Any CPU = Debug|Any CPU
		Release|Any CPU = Release|Any CPU
	EndGlobalSection
	GlobalSection(ProjectConfigurationPlatforms) = postSolution
		{B2A4EC7A-BEBF-400A-907B-D7FA54539A2C}.Debug|Any CPU.ActiveCfg = Debug|Any CPU
		{B2A4EC7A-BEBF-400A-907B-D7FA54539A2C}.Debug|Any CPU.Build.0 = Debug|Any CPU
		{B2A4EC7A-BEBF-400A-907B-D7FA54539A2C}.Release|Any CPU.ActiveCfg = Release|Any CPU
		{B2A4EC7A-BEBF-400A-907B-D7FA54539A2C}.Release|Any CPU.Build.0 = Release|Any CPU
	EndGlobalSection
	GlobalSection(SolutionProperties) = preSolution
		HideSolutionNode = FALSE
	EndGlobalSection
	GlobalSection(ExtensibilityGlobals) = postSolution
		SolutionGuid = {E04859A0-7115-4D3F-9CD8-49FC4C6C8075}
	EndGlobalSection
EndGlobal
